
Microsoft Visual Studio Solution File, Format Version 12.00
# Visual Studio Version 17
VisualStudioVersion = 17.2.32422.2
MinimumVisualStudioVersion = 10.0.40219.1
Project("{FAE04EC0-301F-11D3-BF4B-00C04F79EFBC}") = "Lottie.Android", "Lottie.Android\Lottie.Android.csproj", "{C42E14A2-565C-442F-BBB7-95C6BDD4F5FC}"
EndProject
Global
	GlobalSection(SolutionConfigurationPlatforms) = preSolution
		Debug|Any CPU = Debug|Any CPU
		Release|Any CPU = Release|Any CPU
	EndGlobalSection
	GlobalSection(ProjectConfigurationPlatforms) = postSolution
		{C42E14A2-565C-442F-BBB7-95C6BDD4F5FC}.Debug|Any CPU.ActiveCfg = Debug|Any CPU
		{C42E14A2-565C-442F-BBB7-95C6BDD4F5FC}.Debug|Any CPU.Build.0 = Debug|Any CPU
		{C42E14A2-565C-442F-BBB7-95C6BDD4F5FC}.Release|Any CPU.ActiveCfg = Release|Any CPU
		{C42E14A2-565C-442F-BBB7-95C6BDD4F5FC}.Release|Any CPU.Build.0 = Release|Any CPU
	EndGlobalSection
	GlobalSection(SolutionProperties) = preSolution
		HideSolutionNode = FALSE
	EndGlobalSection
	GlobalSection(ExtensibilityGlobals) = postSolution
		SolutionGuid = {EC4B2FAF-7FF5-4F44-843E-CAA7C68B0C67}
	EndGlobalSection
EndGlobal
